
Microsoft Visual Studio Solution File, Format Version 12.00
# Visual Studio Version 16
VisualStudioVersion = 16.0.29519.181
MinimumVisualStudioVersion = 10.0.40219.1
Project("{FAE04EC0-301F-11D3-BF4B-00C04F79EFBC}") = "ConnectionMySQL", "ConnectionMySQL\ConnectionMySQL.csproj", "{2C89356B-E2B2-43DF-A1E6-07CFC9A79194}"
EndProject
Project("{FAE04EC0-301F-11D3-BF4B-00C04F79EFBC}") = "RevitConnMySQL", "RevitConnMySQL\RevitConnMySQL.csproj", "{90F24BA5-EF0A-497D-AEE6-5C8BC2AE2B1A}"
EndProject
Global
	GlobalSection(SolutionConfigurationPlatforms) = preSolution
		Debug|Any CPU = Debug|Any CPU
		Release|Any CPU = Release|Any CPU
	EndGlobalSection
	GlobalSection(ProjectConfigurationPlatforms) = postSolution
		{2C89356B-E2B2-43DF-A1E6-07CFC9A79194}.Debug|Any CPU.ActiveCfg = Debug|Any CPU
		{2C89356B-E2B2-43DF-A1E6-07CFC9A79194}.Debug|Any CPU.Build.0 = Debug|Any CPU
		{2C89356B-E2B2-43DF-A1E6-07CFC9A79194}.Release|Any CPU.ActiveCfg = Release|Any CPU
		{2C89356B-E2B2-43DF-A1E6-07CFC9A79194}.Release|Any CPU.Build.0 = Release|Any CPU
		{90F24BA5-EF0A-497D-AEE6-5C8BC2AE2B1A}.Debug|Any CPU.ActiveCfg = Debug|Any CPU
		{90F24BA5-EF0A-497D-AEE6-5C8BC2AE2B1A}.Debug|Any CPU.Build.0 = Debug|Any CPU
		{90F24BA5-EF0A-497D-AEE6-5C8BC2AE2B1A}.Release|Any CPU.ActiveCfg = Release|Any CPU
		{90F24BA5-EF0A-497D-AEE6-5C8BC2AE2B1A}.Release|Any CPU.Build.0 = Release|Any CPU
	EndGlobalSection
	GlobalSection(SolutionProperties) = preSolution
		HideSolutionNode = FALSE
	EndGlobalSection
	GlobalSection(ExtensibilityGlobals) = postSolution
		SolutionGuid = {63026C36-5A32-4BAD-938C-7037E4DC1D8E}
	EndGlobalSection
EndGlobal
